{
  "name": "deMatrix",
  "version": "1.0.0-beta.0",
  "lockfileVersion": 3,
  "requires": true,
  "packages": {
    "": {
      "name": "deMatrix",
      "version": "1.0.0-beta.0",
      "dependencies": {
        "axios": "^1.18.1",
        "node-fetch": "^3.3.2"
      }
    },
    "node_modules/axios": {
      "version": "1.18.1",
      "resolved": "https://registry.npmjs.org/axios/-/axios-1.18.1.tgz",
      "integrity": "sha512-0BfJHUh+gZWQpU8/+qLRiAVMOtplaxYw5tD6+5dPPvJI94JBS3eNuwPRX/C8Xz4HjC/woM+7aJ9SyN7breHWaA==",
      "dependencies": {
        "follow-redirects": "^1.15.6",
        "form-data": "^4.0.0",
        "proxy-from-env": "^1.1.0"
      }
    },
    "node_modules/asynckit": {
      "version": "0.4.0",
      "resolved": "https://registry.npmjs.org/asynckit/-/asynckit-0.4.0.tgz",
      "integrity": "sha512-Oei9OH4tRh0YqU3GztriLSIiK1efb4ZZKSQ8SYX2fy+hAXdin+RQaIbC2xcKKNjTWrH287 biPAAztvQZMcTaA=="
    },
    "node_modules/combined-stream": {
      "version": "1.0.8",
      "resolved": "https://registry.npmjs.org/combined-stream/-/combined-stream-1.0.8.tgz",
      "integrity": "sha512-FQN4MRfvwZghzwq+/OKlrVn4kuOENkRWMEMSW9o/2Or0b6IsDJFYontqQo3anksUDmjE11EnTZsrzyOnwkGvPQ==",
      "dependencies": {
        "delayed-stream": "~1.0.0"
      },
      "engines": {
        "node": ">= 0.8"
      }
    },
    "node_modules/delayed-stream": {
      "version": "1.0.0",
      "resolved": "https://registry.npmjs.org/delayed-stream/-/delayed-stream-1.0.0.tgz",
      "integrity": "sha512-ZySD7Nf91aLJlf/jxNLJcmF0zBkxqy34d3XFLMsWQQhby3E51OnBn4QcgeLSpROMvMar5SCGvxy5diHIQHZDmw==",
      "engines": {
        "node": ">=0.4.0"
      }
    },
    "node_modules/follow-redirects": {
      "version": "1.15.6",
      "resolved": "https://registry.npmjs.org/follow-redirects/-/follow-redirects-1.15.6.tgz",
      "integrity": "sha512-wWN62YIfVNm5DQShHkNvNoBL3UFsE6Oip14igMxjI5AuCqkerU+5J+ngthaZGQ4PTSck+P+7Yw0mL7lvAx5JJA==",
      "engines": {
        "node": ">=4.0"
      },
      "peerDependencies": {
        "debug": "*"
      },
      "peerDependenciesOptional": true
    },
    "node_modules/form-data": {
      "version": "4.0.0",
      "resolved": "https://registry.npmjs.org/form-data/-/form-data-4.0.0.tgz",
      "integrity": "sha512-ETEklSGi5t0jNnh4XtGkG9SVO50xETK+kzDSTvdF0MRH9VSYniJeto6K6JALHAmQW7W7PRLRju08zOE75POL7A==",
      "dependencies": {
        "asynckit": "^0.4.0",
        "combined-stream": "^1.0.8",
        "mime-types": "^2.1.12"
      },
      "engines": {
        "node": ">= 6"
      }
    },
    "node_modules/mime-db": {
      "version": "1.52.0",
      "resolved": "https://registry.npmjs.org/mime-db/-/mime-db-1.52.0.tgz",
      "integrity": "sha512-sPU4uV7dYlvtWJxwqVc6VV8sSPVtJCdDaEKo39tLNnDj4h0i+qH1l8zs15nWVPjlvKeQcRQ5DapMtkmUKLo0ZA==",
      "engines": {
        "node": ">= 0.6"
      }
    },
    "node_modules/mime-types": {
      "version": "2.1.35",
      "resolved": "https://registry.npmjs.org/mime-types/-/mime-types-2.1.35.tgz",
      "integrity": "sha512-ZDY+bPm5zTTF+YpCrAU9nK0UgICYc0tqOQE3pjur3sRlsAoBqDLGwgjvSrvLraveSkFfNEUS92R7SrIuMn7RZg==",
      "dependencies": {
        "mime-db": "1.52.0"
      },
      "engines": {
        "node": ">= 0.6"
      }
    },
    "node_modules/node-fetch": {
      "version": "3.3.2",
      "resolved": "https://registry.npmjs.org/node-fetch/-/node-fetch-3.3.2.tgz",
      "integrity": "sha512-dRB78srN/l6gqWulah9SrxeYP5RxGc52SN2624Tm0ONIGgzs6KWUUPnuv4Ng60W5ePLE8+ASKSBT4P/O8aYKBA==",
      "engines": {
        "node": "^12.20 || >= 14.13"
      }
    },
    "node_modules/proxy-from-env": {
      "version": "1.1.0",
      "resolved": "https://registry.npmjs.org/proxy-from-env/-/proxy-from-env-1.1.0.tgz",
      "integrity": "sha512-D+zkORCbA9f1tdWRVg34y6zjLuas/M1MvxLada+KJpVVEQPv+MacPKEZHMHi2dBsslFZWQcxvliscvyl1I4Ylg=="
    }
  }
}
